
Microsoft Visual Studio Solution File, Format Version 12.00
Project("{FAE04EC0-301F-11D3-BF4B-00C04F79EFBC}") = "GIT", "GIT\GIT.csproj", "{D4C00D99-4598-4D42-BDC7-5957589B8BBA}"
EndProject
Global
	GlobalSection(SolutionConfigurationPlatforms) = preSolution
		Debug|Any CPU = Debug|Any CPU
		Release|Any CPU = Release|Any CPU
	EndGlobalSection
	GlobalSection(ProjectConfigurationPlatforms) = postSolution
		{D4C00D99-4598-4D42-BDC7-5957589B8BBA}.Debug|Any CPU.ActiveCfg = Debug|Any CPU
		{D4C00D99-4598-4D42-BDC7-5957589B8BBA}.Debug|Any CPU.Build.0 = Debug|Any CPU
		{D4C00D99-4598-4D42-BDC7-5957589B8BBA}.Release|Any CPU.ActiveCfg = Release|Any CPU
		{D4C00D99-4598-4D42-BDC7-5957589B8BBA}.Release|Any CPU.Build.0 = Release|Any CPU
	EndGlobalSection
EndGlobal
